
Microsoft Visual Studio Solution File, Format Version 12.00
# Visual Studio Version 16
VisualStudioVersion = 16.0.31515.178
MinimumVisualStudioVersion = 10.0.40219.1
Project("{FAE04EC0-301F-11D3-BF4B-00C04F79EFBC}") = "Calculator", "Calculator.csproj", "{DE5EC256-D76A-4459-A50D-CB9CA794169E}"
EndProject
Global
	GlobalSection(SolutionConfigurationPlatforms) = preSolution
		Debug|Any CPU = Debug|Any CPU
		Release|Any CPU = Release|Any CPU
	EndGlobalSection
	GlobalSection(ProjectConfigurationPlatforms) = postSolution
		{DE5EC256-D76A-4459-A50D-CB9CA794169E}.Debug|Any CPU.ActiveCfg = Debug|Any CPU
		{DE5EC256-D76A-4459-A50D-CB9CA794169E}.Debug|Any CPU.Build.0 = Debug|Any CPU
		{DE5EC256-D76A-4459-A50D-CB9CA794169E}.Release|Any CPU.ActiveCfg = Release|Any CPU
		{DE5EC256-D76A-4459-A50D-CB9CA794169E}.Release|Any CPU.Build.0 = Release|Any CPU
	EndGlobalSection
	GlobalSection(SolutionProperties) = preSolution
		HideSolutionNode = FALSE
	EndGlobalSection
	GlobalSection(ExtensibilityGlobals) = postSolution
		SolutionGuid = {3E5EF1AB-1068-4199-9A9F-A5A54B03116E}
	EndGlobalSection
EndGlobal
